
Microsoft Visual Studio Solution File, Format Version 12.00
# Visual Studio 14
VisualStudioVersion = 14.0.25420.1
MinimumVisualStudioVersion = 10.0.40219.1
Project("{FAE04EC0-301F-11D3-BF4B-00C04F79EFBC}") = "RabbitmqTool", "RabbitmqTool\RabbitmqTool.csproj", "{5BC2F1A6-E589-4F7F-9EC4-6F7CA4FCBD06}"
EndProject
Project("{2150E333-8FDC-42A3-9474-1A3956D46DE8}") = "Solution Items", "Solution Items", "{913DBC15-8E27-462A-9543-2CCB6212F3AE}"
	ProjectSection(SolutionItems) = preProject
		..\.gitignore = ..\.gitignore
		..\LICENSE = ..\LICENSE
	EndProjectSection
EndProject
Global
	GlobalSection(SolutionConfigurationPlatforms) = preSolution
		Debug|Any CPU = Debug|Any CPU
		Release|Any CPU = Release|Any CPU
	EndGlobalSection
	GlobalSection(ProjectConfigurationPlatforms) = postSolution
		{5BC2F1A6-E589-4F7F-9EC4-6F7CA4FCBD06}.Debug|Any CPU.ActiveCfg = Debug|Any CPU
		{5BC2F1A6-E589-4F7F-9EC4-6F7CA4FCBD06}.Debug|Any CPU.Build.0 = Debug|Any CPU
		{5BC2F1A6-E589-4F7F-9EC4-6F7CA4FCBD06}.Release|Any CPU.ActiveCfg = Release|Any CPU
		{5BC2F1A6-E589-4F7F-9EC4-6F7CA4FCBD06}.Release|Any CPU.Build.0 = Release|Any CPU
	EndGlobalSection
	GlobalSection(SolutionProperties) = preSolution
		HideSolutionNode = FALSE
	EndGlobalSection
EndGlobal
